// !$*UTF8*$!
{
	archiveVersion = 1;
	classes = {
	};
	objectVersion = 46;
	objects = {

/* Begin PBXBuildFile section */
		F500603317ADBD9800C864C4 /* libDeepEnd-iOS.a in CopyFiles */ = {isa = PBXBuildFile; fileRef = F5E5826217AC0A4300D9409B /* libDeepEnd-iOS.a */; };
		F552EFDC17B057800043E169 /* DeepEnd-Private.h in Headers */ = {isa = PBXBuildFile; fileRef = F552EFDB17B057800043E169 /* DeepEnd-Private.h */; };
		F55813EC17C7BA5E000D50CB /* DeepEnd-Private.h in Headers */ = {isa = PBXBuildFile; fileRef = F552EFDB17B057800043E169 /* DeepEnd-Private.h */; };
		F55813ED17C7BA73000D50CB /* DESOneToOneChatContext.h in Headers */ = {isa = PBXBuildFile; fileRef = F5D4201D17B725E900587ABE /* DESOneToOneChatContext.h */; };
		F55813EE17C7BA8C000D50CB /* DeepEnd.h in Headers */ = {isa = PBXBuildFile; fileRef = F5E5827417AC0ABB00D9409B /* DeepEnd.h */; settings = {ATTRIBUTES = (Public, ); }; };
		F55813EF17C7BA8C000D50CB /* DESFriend.h in Headers */ = {isa = PBXBuildFile; fileRef = F5E5827617AC0ABB00D9409B /* DESFriend.h */; settings = {ATTRIBUTES = (Public, ); }; };
		F55813F017C7BA8C000D50CB /* DESSelf.h in Headers */ = {isa = PBXBuildFile; fileRef = F5E582B117AC288800D9409B /* DESSelf.h */; settings = {ATTRIBUTES = (Public, ); }; };
		F55813F117C7BA8C000D50CB /* DESFriendManager.h in Headers */ = {isa = PBXBuildFile; fileRef = F5E5827817AC0ABB00D9409B /* DESFriendManager.h */; settings = {ATTRIBUTES = (Public, ); }; };
		F55813F217C7BA8C000D50CB /* DESToxNetworkConnection.h in Headers */ = {isa = PBXBuildFile; fileRef = F5E5827B17AC0ABB00D9409B /* DESToxNetworkConnection.h */; settings = {ATTRIBUTES = (Public, ); }; };
		F55813F317C7BA8C000D50CB /* DESChatContext.h in Headers */ = {isa = PBXBuildFile; fileRef = F5B9112D17B1B3BF00E29017 /* DESChatContext.h */; settings = {ATTRIBUTES = (Public, ); }; };
		F55813F417C7BA8C000D50CB /* DESMessage.h in Headers */ = {isa = PBXBuildFile; fileRef = F5D4202317B72E4700587ABE /* DESMessage.h */; settings = {ATTRIBUTES = (Public, ); }; };
		F55813F517C7BA8C000D50CB /* DHT.h in Headers */ = {isa = PBXBuildFile; fileRef = F5E5828E17AC0BFB00D9409B /* DHT.h */; settings = {ATTRIBUTES = (Public, ); }; };
		F55813F617C7BA8C000D50CB /* LAN_discovery.h in Headers */ = {isa = PBXBuildFile; fileRef = F5E5829017AC0BFB00D9409B /* LAN_discovery.h */; settings = {ATTRIBUTES = (Public, ); }; };
		F55813F717C7BA8C000D50CB /* Lossless_UDP.h in Headers */ = {isa = PBXBuildFile; fileRef = F5E5829217AC0BFB00D9409B /* Lossless_UDP.h */; settings = {ATTRIBUTES = (Public, ); }; };
		F55813F817C7BA8C000D50CB /* Messenger.h in Headers */ = {isa = PBXBuildFile; fileRef = F57B5E2317B0859E00BE87AC /* Messenger.h */; settings = {ATTRIBUTES = (Public, ); }; };
		F55813F917C7BA8C000D50CB /* friend_requests.h in Headers */ = {isa = PBXBuildFile; fileRef = F5E5829617AC0BFB00D9409B /* friend_requests.h */; settings = {ATTRIBUTES = (Public, ); }; };
		F55813FA17C7BA8C000D50CB /* net_crypto.h in Headers */ = {isa = PBXBuildFile; fileRef = F5E5829817AC0BFB00D9409B /* net_crypto.h */; settings = {ATTRIBUTES = (Public, ); }; };
		F55813FB17C7BA8C000D50CB /* network.h in Headers */ = {isa = PBXBuildFile; fileRef = F5E5829A17AC0BFB00D9409B /* network.h */; settings = {ATTRIBUTES = (Public, ); }; };
		F55813FC17C7BA8C000D50CB /* ping.h in Headers */ = {isa = PBXBuildFile; fileRef = F57B5E1817B083E700BE87AC /* ping.h */; settings = {ATTRIBUTES = (Public, ); }; };
		F55813FD17C7BA8C000D50CB /* util.h in Headers */ = {isa = PBXBuildFile; fileRef = F57B5E1A17B083E800BE87AC /* util.h */; settings = {ATTRIBUTES = (Public, ); }; };
		F57B5E1B17B083E800BE87AC /* ping.c in Sources */ = {isa = PBXBuildFile; fileRef = F57B5E1717B083E700BE87AC /* ping.c */; };
		F57B5E1C17B083E800BE87AC /* ping.c in Sources */ = {isa = PBXBuildFile; fileRef = F57B5E1717B083E700BE87AC /* ping.c */; };
		F57B5E1D17B083E800BE87AC /* ping.h in Headers */ = {isa = PBXBuildFile; fileRef = F57B5E1817B083E700BE87AC /* ping.h */; settings = {ATTRIBUTES = (Public, ); }; };
		F57B5E1E17B083E800BE87AC /* util.c in Sources */ = {isa = PBXBuildFile; fileRef = F57B5E1917B083E800BE87AC /* util.c */; };
		F57B5E1F17B083E800BE87AC /* util.c in Sources */ = {isa = PBXBuildFile; fileRef = F57B5E1917B083E800BE87AC /* util.c */; };
		F57B5E2017B083E800BE87AC /* util.h in Headers */ = {isa = PBXBuildFile; fileRef = F57B5E1A17B083E800BE87AC /* util.h */; settings = {ATTRIBUTES = (Public, ); }; };
		F57B5E2417B0859E00BE87AC /* Messenger.h in Headers */ = {isa = PBXBuildFile; fileRef = F57B5E2317B0859E00BE87AC /* Messenger.h */; settings = {ATTRIBUTES = (Public, ); }; };
		F5A3A86717B358690068AFA0 /* DESInfo.m in Sources */ = {isa = PBXBuildFile; fileRef = F5A3A86617B358690068AFA0 /* DESInfo.m */; };
		F5A3A86817B358990068AFA0 /* DESInfo.m in Sources */ = {isa = PBXBuildFile; fileRef = F5A3A86617B358690068AFA0 /* DESInfo.m */; };
		F5B9112F17B1B3BF00E29017 /* DESChatContext.h in Headers */ = {isa = PBXBuildFile; fileRef = F5B9112D17B1B3BF00E29017 /* DESChatContext.h */; settings = {ATTRIBUTES = (Public, ); }; };
		F5CC768A17C801E500038BA3 /* tox.c in Sources */ = {isa = PBXBuildFile; fileRef = F5CC768817C801E500038BA3 /* tox.c */; };
		F5CC768B17C801E500038BA3 /* tox.c in Sources */ = {isa = PBXBuildFile; fileRef = F5CC768817C801E500038BA3 /* tox.c */; };
		F5CC768C17C801E500038BA3 /* tox.h in Headers */ = {isa = PBXBuildFile; fileRef = F5CC768917C801E500038BA3 /* tox.h */; settings = {ATTRIBUTES = (Public, ); }; };
		F5CC768D17C801E500038BA3 /* tox.h in Headers */ = {isa = PBXBuildFile; fileRef = F5CC768917C801E500038BA3 /* tox.h */; settings = {ATTRIBUTES = (Public, ); }; };
		F5D4201F17B725E900587ABE /* DESOneToOneChatContext.h in Headers */ = {isa = PBXBuildFile; fileRef = F5D4201D17B725E900587ABE /* DESOneToOneChatContext.h */; };
		F5D4202017B725E900587ABE /* DESOneToOneChatContext.m in Sources */ = {isa = PBXBuildFile; fileRef = F5D4201E17B725E900587ABE /* DESOneToOneChatContext.m */; };
		F5D4202117B725E900587ABE /* DESOneToOneChatContext.m in Sources */ = {isa = PBXBuildFile; fileRef = F5D4201E17B725E900587ABE /* DESOneToOneChatContext.m */; };
		F5D4202517B72E4700587ABE /* DESMessage.h in Headers */ = {isa = PBXBuildFile; fileRef = F5D4202317B72E4700587ABE /* DESMessage.h */; settings = {ATTRIBUTES = (Public, ); }; };
		F5D4202617B72E4700587ABE /* DESMessage.m in Sources */ = {isa = PBXBuildFile; fileRef = F5D4202417B72E4700587ABE /* DESMessage.m */; };
		F5D4202717B72E4700587ABE /* DESMessage.m in Sources */ = {isa = PBXBuildFile; fileRef = F5D4202417B72E4700587ABE /* DESMessage.m */; };
		F5E486CD17AF2C1300A0BF9F /* DESMessengerHack.c in Sources */ = {isa = PBXBuildFile; fileRef = F5E486CC17AF2C1300A0BF9F /* DESMessengerHack.c */; };
		F5E486CE17AF2C1300A0BF9F /* DESMessengerHack.c in Sources */ = {isa = PBXBuildFile; fileRef = F5E486CC17AF2C1300A0BF9F /* DESMessengerHack.c */; };
		F5E486D017AF2D1A00A0BF9F /* DESDHTHack.c in Sources */ = {isa = PBXBuildFile; fileRef = F5E486CF17AF2D1A00A0BF9F /* DESDHTHack.c */; settings = {COMPILER_FLAGS = "-Wno-shorten-64-to-32"; }; };
		F5E486D117AF2D1A00A0BF9F /* DESDHTHack.c in Sources */ = {isa = PBXBuildFile; fileRef = F5E486CF17AF2D1A00A0BF9F /* DESDHTHack.c */; settings = {COMPILER_FLAGS = "-Wno-shorten-64-to-32"; }; };
		F5E5826417AC0A4300D9409B /* Foundation.framework in Frameworks */ = {isa = PBXBuildFile; fileRef = F5E5826317AC0A4300D9409B /* Foundation.framework */; };
		F5E5826F17AC0A8F00D9409B /* Foundation.framework in Frameworks */ = {isa = PBXBuildFile; fileRef = F5E5826317AC0A4300D9409B /* Foundation.framework */; };
		F5E5827D17AC0ABB00D9409B /* DESKeyFunctions.m in Sources */ = {isa = PBXBuildFile; fileRef = F5E5827117AC0ABB00D9409B /* DESKeyFunctions.m */; };
		F5E5827E17AC0ABB00D9409B /* DESKeyFunctions.m in Sources */ = {isa = PBXBuildFile; fileRef = F5E5827117AC0ABB00D9409B /* DESKeyFunctions.m */; };
		F5E5828117AC0ABB00D9409B /* DeepEnd.h in Headers */ = {isa = PBXBuildFile; fileRef = F5E5827417AC0ABB00D9409B /* DeepEnd.h */; settings = {ATTRIBUTES = (Public, ); }; };
		F5E5828217AC0ABB00D9409B /* DESFriend.h in Headers */ = {isa = PBXBuildFile; fileRef = F5E5827617AC0ABB00D9409B /* DESFriend.h */; settings = {ATTRIBUTES = (Public, ); }; };
		F5E5828317AC0ABB00D9409B /* DESFriend.m in Sources */ = {isa = PBXBuildFile; fileRef = F5E5827717AC0ABB00D9409B /* DESFriend.m */; };
		F5E5828417AC0ABB00D9409B /* DESFriend.m in Sources */ = {isa = PBXBuildFile; fileRef = F5E5827717AC0ABB00D9409B /* DESFriend.m */; };
		F5E5828517AC0ABB00D9409B /* DESFriendManager.h in Headers */ = {isa = PBXBuildFile; fileRef = F5E5827817AC0ABB00D9409B /* DESFriendManager.h */; settings = {ATTRIBUTES = (Public, ); }; };
		F5E5828617AC0ABB00D9409B /* DESFriendManager.m in Sources */ = {isa = PBXBuildFile; fileRef = F5E5827917AC0ABB00D9409B /* DESFriendManager.m */; };
		F5E5828717AC0ABB00D9409B /* DESFriendManager.m in Sources */ = {isa = PBXBuildFile; fileRef = F5E5827917AC0ABB00D9409B /* DESFriendManager.m */; };
		F5E5828817AC0ABB00D9409B /* DESToxNetworkConnection.h in Headers */ = {isa = PBXBuildFile; fileRef = F5E5827B17AC0ABB00D9409B /* DESToxNetworkConnection.h */; settings = {ATTRIBUTES = (Public, ); }; };
		F5E5828917AC0ABB00D9409B /* DESToxNetworkConnection.m in Sources */ = {isa = PBXBuildFile; fileRef = F5E5827C17AC0ABB00D9409B /* DESToxNetworkConnection.m */; };
		F5E5828A17AC0ABB00D9409B /* DESToxNetworkConnection.m in Sources */ = {isa = PBXBuildFile; fileRef = F5E5827C17AC0ABB00D9409B /* DESToxNetworkConnection.m */; };
		F5E5829E17AC0BFB00D9409B /* DHT.h in Headers */ = {isa = PBXBuildFile; fileRef = F5E5828E17AC0BFB00D9409B /* DHT.h */; settings = {ATTRIBUTES = (Public, ); }; };
		F5E5829F17AC0BFB00D9409B /* LAN_discovery.c in Sources */ = {isa = PBXBuildFile; fileRef = F5E5828F17AC0BFB00D9409B /* LAN_discovery.c */; };
		F5E582A017AC0BFB00D9409B /* LAN_discovery.c in Sources */ = {isa = PBXBuildFile; fileRef = F5E5828F17AC0BFB00D9409B /* LAN_discovery.c */; };
		F5E582A117AC0BFB00D9409B /* LAN_discovery.h in Headers */ = {isa = PBXBuildFile; fileRef = F5E5829017AC0BFB00D9409B /* LAN_discovery.h */; settings = {ATTRIBUTES = (Public, ); }; };
		F5E582A217AC0BFB00D9409B /* Lossless_UDP.c in Sources */ = {isa = PBXBuildFile; fileRef = F5E5829117AC0BFB00D9409B /* Lossless_UDP.c */; };
		F5E582A317AC0BFB00D9409B /* Lossless_UDP.c in Sources */ = {isa = PBXBuildFile; fileRef = F5E5829117AC0BFB00D9409B /* Lossless_UDP.c */; };
		F5E582A417AC0BFB00D9409B /* Lossless_UDP.h in Headers */ = {isa = PBXBuildFile; fileRef = F5E5829217AC0BFB00D9409B /* Lossless_UDP.h */; settings = {ATTRIBUTES = (Public, ); }; };
		F5E582A817AC0BFB00D9409B /* friend_requests.c in Sources */ = {isa = PBXBuildFile; fileRef = F5E5829517AC0BFB00D9409B /* friend_requests.c */; };
		F5E582A917AC0BFB00D9409B /* friend_requests.c in Sources */ = {isa = PBXBuildFile; fileRef = F5E5829517AC0BFB00D9409B /* friend_requests.c */; };
		F5E582AA17AC0BFB00D9409B /* friend_requests.h in Headers */ = {isa = PBXBuildFile; fileRef = F5E5829617AC0BFB00D9409B /* friend_requests.h */; settings = {ATTRIBUTES = (Public, ); }; };
		F5E582AB17AC0BFB00D9409B /* net_crypto.c in Sources */ = {isa = PBXBuildFile; fileRef = F5E5829717AC0BFB00D9409B /* net_crypto.c */; };
		F5E582AC17AC0BFB00D9409B /* net_crypto.c in Sources */ = {isa = PBXBuildFile; fileRef = F5E5829717AC0BFB00D9409B /* net_crypto.c */; };
		F5E582AD17AC0BFB00D9409B /* net_crypto.h in Headers */ = {isa = PBXBuildFile; fileRef = F5E5829817AC0BFB00D9409B /* net_crypto.h */; settings = {ATTRIBUTES = (Public, ); }; };
		F5E582AE17AC0BFB00D9409B /* network.c in Sources */ = {isa = PBXBuildFile; fileRef = F5E5829917AC0BFB00D9409B /* network.c */; settings = {COMPILER_FLAGS = "-Wno-shorten-64-to-32"; }; };
		F5E582AF17AC0BFB00D9409B /* network.c in Sources */ = {isa = PBXBuildFile; fileRef = F5E5829917AC0BFB00D9409B /* network.c */; settings = {COMPILER_FLAGS = "-Wno-shorten-64-to-32"; }; };
		F5E582B017AC0BFB00D9409B /* network.h in Headers */ = {isa = PBXBuildFile; fileRef = F5E5829A17AC0BFB00D9409B /* network.h */; settings = {ATTRIBUTES = (Public, ); }; };
		F5E582B317AC288800D9409B /* DESSelf.h in Headers */ = {isa = PBXBuildFile; fileRef = F5E582B117AC288800D9409B /* DESSelf.h */; settings = {ATTRIBUTES = (Public, ); }; };
		F5E582B417AC288800D9409B /* DESSelf.m in Sources */ = {isa = PBXBuildFile; fileRef = F5E582B217AC288800D9409B /* DESSelf.m */; };
		F5E582B517AC288800D9409B /* DESSelf.m in Sources */ = {isa = PBXBuildFile; fileRef = F5E582B217AC288800D9409B /* DESSelf.m */; };
		F5ECC85317CEF0A1000E01D2 /* DESToxNetworkConnection+DHTReadOnly.h in Headers */ = {isa = PBXBuildFile; fileRef = F5ECC85117CEF0A1000E01D2 /* DESToxNetworkConnection+DHTReadOnly.h */; settings = {ATTRIBUTES = (Public, ); }; };
		F5ECC85417CEF0A1000E01D2 /* DESToxNetworkConnection+DHTReadOnly.h in Headers */ = {isa = PBXBuildFile; fileRef = F5ECC85117CEF0A1000E01D2 /* DESToxNetworkConnection+DHTReadOnly.h */; settings = {ATTRIBUTES = (Public, ); }; };
		F5ECC85517CEF0A1000E01D2 /* DESToxNetworkConnection+DHTReadOnly.m in Sources */ = {isa = PBXBuildFile; fileRef = F5ECC85217CEF0A1000E01D2 /* DESToxNetworkConnection+DHTReadOnly.m */; };
		F5ECC85617CEF0A1000E01D2 /* DESToxNetworkConnection+DHTReadOnly.m in Sources */ = {isa = PBXBuildFile; fileRef = F5ECC85217CEF0A1000E01D2 /* DESToxNetworkConnection+DHTReadOnly.m */; };
/* End PBXBuildFile section */

/* Begin PBXCopyFilesBuildPhase section */
		F5E5826017AC0A4300D9409B /* CopyFiles */ = {
			isa = PBXCopyFilesBuildPhase;
			buildActionMask = 2147483647;
			dstPath = "include/${PRODUCT_NAME}";
			dstSubfolderSpec = 16;
			files = (
				F500603317ADBD9800C864C4 /* libDeepEnd-iOS.a in CopyFiles */,
			);
			runOnlyForDeploymentPostprocessing = 0;
		};
/* End PBXCopyFilesBuildPhase section */

/* Begin PBXFileReference section */
		F552EFDB17B057800043E169 /* DeepEnd-Private.h */ = {isa = PBXFileReference; fileEncoding = 4; lastKnownFileType = sourcecode.c.h; path = "DeepEnd-Private.h"; sourceTree = "<group>"; };
		F57B5E1717B083E700BE87AC /* ping.c */ = {isa = PBXFileReference; fileEncoding = 4; lastKnownFileType = sourcecode.c.c; path = ping.c; sourceTree = "<group>"; };
		F57B5E1817B083E700BE87AC /* ping.h */ = {isa = PBXFileReference; fileEncoding = 4; lastKnownFileType = sourcecode.c.h; path = ping.h; sourceTree = "<group>"; };
		F57B5E1917B083E800BE87AC /* util.c */ = {isa = PBXFileReference; fileEncoding = 4; lastKnownFileType = sourcecode.c.c; path = util.c; sourceTree = "<group>"; };
		F57B5E1A17B083E800BE87AC /* util.h */ = {isa = PBXFileReference; fileEncoding = 4; lastKnownFileType = sourcecode.c.h; path = util.h; sourceTree = "<group>"; };
		F57B5E2317B0859E00BE87AC /* Messenger.h */ = {isa = PBXFileReference; fileEncoding = 4; lastKnownFileType = sourcecode.c.h; path = Messenger.h; sourceTree = "<group>"; };
		F5A3A86617B358690068AFA0 /* DESInfo.m */ = {isa = PBXFileReference; fileEncoding = 4; lastKnownFileType = sourcecode.c.objc; path = DESInfo.m; sourceTree = "<group>"; };
		F5B9112D17B1B3BF00E29017 /* DESChatContext.h */ = {isa = PBXFileReference; fileEncoding = 4; lastKnownFileType = sourcecode.c.h; path = DESChatContext.h; sourceTree = "<group>"; };
		F5CC768817C801E500038BA3 /* tox.c */ = {isa = PBXFileReference; fileEncoding = 4; lastKnownFileType = sourcecode.c.c; path = tox.c; sourceTree = "<group>"; };
		F5CC768917C801E500038BA3 /* tox.h */ = {isa = PBXFileReference; fileEncoding = 4; lastKnownFileType = sourcecode.c.h; path = tox.h; sourceTree = "<group>"; };
		F5D4201D17B725E900587ABE /* DESOneToOneChatContext.h */ = {isa = PBXFileReference; fileEncoding = 4; lastKnownFileType = sourcecode.c.h; path = DESOneToOneChatContext.h; sourceTree = "<group>"; };
		F5D4201E17B725E900587ABE /* DESOneToOneChatContext.m */ = {isa = PBXFileReference; fileEncoding = 4; lastKnownFileType = sourcecode.c.objc; path = DESOneToOneChatContext.m; sourceTree = "<group>"; };
		F5D4202317B72E4700587ABE /* DESMessage.h */ = {isa = PBXFileReference; fileEncoding = 4; lastKnownFileType = sourcecode.c.h; path = DESMessage.h; sourceTree = "<group>"; };
		F5D4202417B72E4700587ABE /* DESMessage.m */ = {isa = PBXFileReference; fileEncoding = 4; lastKnownFileType = sourcecode.c.objc; path = DESMessage.m; sourceTree = "<group>"; };
		F5DD111217D7FE8C00123D8A /* AppKit.framework */ = {isa = PBXFileReference; lastKnownFileType = wrapper.framework; name = AppKit.framework; path = System/Library/Frameworks/AppKit.framework; sourceTree = SDKROOT; };
		F5DD111417D7FE9500123D8A /* UIKit.framework */ = {isa = PBXFileReference; lastKnownFileType = wrapper.framework; name = UIKit.framework; path = Platforms/iPhoneOS.platform/Developer/SDKs/iPhoneOS7.0.sdk/System/Library/Frameworks/UIKit.framework; sourceTree = DEVELOPER_DIR; };
		F5E486CC17AF2C1300A0BF9F /* DESMessengerHack.c */ = {isa = PBXFileReference; fileEncoding = 4; lastKnownFileType = sourcecode.c.c; path = DESMessengerHack.c; sourceTree = "<group>"; };
		F5E486CF17AF2D1A00A0BF9F /* DESDHTHack.c */ = {isa = PBXFileReference; fileEncoding = 4; lastKnownFileType = sourcecode.c.c; path = DESDHTHack.c; sourceTree = "<group>"; };
		F5E5824617AC095E00D9409B /* DeepEnd.framework */ = {isa = PBXFileReference; explicitFileType = wrapper.framework; includeInIndex = 0; path = DeepEnd.framework; sourceTree = BUILT_PRODUCTS_DIR; };
		F5E5826217AC0A4300D9409B /* libDeepEnd-iOS.a */ = {isa = PBXFileReference; explicitFileType = archive.ar; includeInIndex = 0; path = "libDeepEnd-iOS.a"; sourceTree = BUILT_PRODUCTS_DIR; };
		F5E5826317AC0A4300D9409B /* Foundation.framework */ = {isa = PBXFileReference; lastKnownFileType = wrapper.framework; name = Foundation.framework; path = System/Library/Frameworks/Foundation.framework; sourceTree = SDKROOT; };
		F5E5827117AC0ABB00D9409B /* DESKeyFunctions.m */ = {isa = PBXFileReference; fileEncoding = 4; lastKnownFileType = sourcecode.c.objc; path = DESKeyFunctions.m; sourceTree = "<group>"; };
		F5E5827217AC0ABB00D9409B /* DeepEnd-Info.plist */ = {isa = PBXFileReference; fileEncoding = 4; lastKnownFileType = text.plist.xml; path = "DeepEnd-Info.plist"; sourceTree = "<group>"; };
		F5E5827317AC0ABB00D9409B /* DeepEnd-Prefix.pch */ = {isa = PBXFileReference; fileEncoding = 4; lastKnownFileType = sourcecode.c.h; path = "DeepEnd-Prefix.pch"; sourceTree = "<group>"; };
		F5E5827417AC0ABB00D9409B /* DeepEnd.h */ = {isa = PBXFileReference; fileEncoding = 4; lastKnownFileType = sourcecode.c.h; path = DeepEnd.h; sourceTree = "<group>"; };
		F5E5827617AC0ABB00D9409B /* DESFriend.h */ = {isa = PBXFileReference; fileEncoding = 4; lastKnownFileType = sourcecode.c.h; path = DESFriend.h; sourceTree = "<group>"; };
		F5E5827717AC0ABB00D9409B /* DESFriend.m */ = {isa = PBXFileReference; fileEncoding = 4; lastKnownFileType = sourcecode.c.objc; path = DESFriend.m; sourceTree = "<group>"; };
		F5E5827817AC0ABB00D9409B /* DESFriendManager.h */ = {isa = PBXFileReference; fileEncoding = 4; lastKnownFileType = sourcecode.c.h; path = DESFriendManager.h; sourceTree = "<group>"; };
		F5E5827917AC0ABB00D9409B /* DESFriendManager.m */ = {isa = PBXFileReference; fileEncoding = 4; lastKnownFileType = sourcecode.c.objc; path = DESFriendManager.m; sourceTree = "<group>"; };
		F5E5827B17AC0ABB00D9409B /* DESToxNetworkConnection.h */ = {isa = PBXFileReference; fileEncoding = 4; lastKnownFileType = sourcecode.c.h; path = DESToxNetworkConnection.h; sourceTree = "<group>"; };
		F5E5827C17AC0ABB00D9409B /* DESToxNetworkConnection.m */ = {isa = PBXFileReference; fileEncoding = 4; lastKnownFileType = sourcecode.c.objc; path = DESToxNetworkConnection.m; sourceTree = "<group>"; };
		F5E5828D17AC0BFB00D9409B /* DHT.c */ = {isa = PBXFileReference; fileEncoding = 4; lastKnownFileType = sourcecode.c.c; path = DHT.c; sourceTree = "<group>"; };
		F5E5828E17AC0BFB00D9409B /* DHT.h */ = {isa = PBXFileReference; fileEncoding = 4; lastKnownFileType = sourcecode.c.h; path = DHT.h; sourceTree = "<group>"; };
		F5E5828F17AC0BFB00D9409B /* LAN_discovery.c */ = {isa = PBXFileReference; fileEncoding = 4; lastKnownFileType = sourcecode.c.c; path = LAN_discovery.c; sourceTree = "<group>"; };
		F5E5829017AC0BFB00D9409B /* LAN_discovery.h */ = {isa = PBXFileReference; fileEncoding = 4; lastKnownFileType = sourcecode.c.h; path = LAN_discovery.h; sourceTree = "<group>"; };
		F5E5829117AC0BFB00D9409B /* Lossless_UDP.c */ = {isa = PBXFileReference; fileEncoding = 4; lastKnownFileType = sourcecode.c.c; path = Lossless_UDP.c; sourceTree = "<group>"; };
		F5E5829217AC0BFB00D9409B /* Lossless_UDP.h */ = {isa = PBXFileReference; fileEncoding = 4; lastKnownFileType = sourcecode.c.h; path = Lossless_UDP.h; sourceTree = "<group>"; };
		F5E5829517AC0BFB00D9409B /* friend_requests.c */ = {isa = PBXFileReference; fileEncoding = 4; lastKnownFileType = sourcecode.c.c; path = friend_requests.c; sourceTree = "<group>"; };
		F5E5829617AC0BFB00D9409B /* friend_requests.h */ = {isa = PBXFileReference; fileEncoding = 4; lastKnownFileType = sourcecode.c.h; path = friend_requests.h; sourceTree = "<group>"; };
		F5E5829717AC0BFB00D9409B /* net_crypto.c */ = {isa = PBXFileReference; fileEncoding = 4; lastKnownFileType = sourcecode.c.c; path = net_crypto.c; sourceTree = "<group>"; };
		F5E5829817AC0BFB00D9409B /* net_crypto.h */ = {isa = PBXFileReference; fileEncoding = 4; lastKnownFileType = sourcecode.c.h; path = net_crypto.h; sourceTree = "<group>"; };
		F5E5829917AC0BFB00D9409B /* network.c */ = {isa = PBXFileReference; fileEncoding = 4; lastKnownFileType = sourcecode.c.c; path = network.c; sourceTree = "<group>"; };
		F5E5829A17AC0BFB00D9409B /* network.h */ = {isa = PBXFileReference; fileEncoding = 4; lastKnownFileType = sourcecode.c.h; path = network.h; sourceTree = "<group>"; };
		F5E582B117AC288800D9409B /* DESSelf.h */ = {isa = PBXFileReference; fileEncoding = 4; lastKnownFileType = sourcecode.c.h; path = DESSelf.h; sourceTree = "<group>"; };
		F5E582B217AC288800D9409B /* DESSelf.m */ = {isa = PBXFileReference; fileEncoding = 4; lastKnownFileType = sourcecode.c.objc; path = DESSelf.m; sourceTree = "<group>"; };
		F5E8975917AD8886008313D5 /* Messenger.c */ = {isa = PBXFileReference; fileEncoding = 4; lastKnownFileType = sourcecode.c.c; path = Messenger.c; sourceTree = "<group>"; };
		F5ECC85117CEF0A1000E01D2 /* DESToxNetworkConnection+DHTReadOnly.h */ = {isa = PBXFileReference; fileEncoding = 4; lastKnownFileType = sourcecode.c.h; path = "DESToxNetworkConnection+DHTReadOnly.h"; sourceTree = "<group>"; };
		F5ECC85217CEF0A1000E01D2 /* DESToxNetworkConnection+DHTReadOnly.m */ = {isa = PBXFileReference; fileEncoding = 4; lastKnownFileType = sourcecode.c.objc; path = "DESToxNetworkConnection+DHTReadOnly.m"; sourceTree = "<group>"; };
/* End PBXFileReference section */

/* Begin PBXFrameworksBuildPhase section */
		F5E5824217AC095E00D9409B /* Frameworks */ = {
			isa = PBXFrameworksBuildPhase;
			buildActionMask = 2147483647;
			files = (
				F5E5826F17AC0A8F00D9409B /* Foundation.framework in Frameworks */,
			);
			runOnlyForDeploymentPostprocessing = 0;
		};
		F5E5825F17AC0A4300D9409B /* Frameworks */ = {
			isa = PBXFrameworksBuildPhase;
			buildActionMask = 2147483647;
			files = (
				F5E5826417AC0A4300D9409B /* Foundation.framework in Frameworks */,
			);
			runOnlyForDeploymentPostprocessing = 0;
		};
/* End PBXFrameworksBuildPhase section */

/* Begin PBXGroup section */
		F5E486CB17AF2BAB00A0BF9F /* Core Patches */ = {
			isa = PBXGroup;
			children = (
				F5E486CF17AF2D1A00A0BF9F /* DESDHTHack.c */,
				F5E486CC17AF2C1300A0BF9F /* DESMessengerHack.c */,
			);
			name = "Core Patches";
			path = Patches;
			sourceTree = "<group>";
		};
		F5E5823C17AC095E00D9409B = {
			isa = PBXGroup;
			children = (
				F5E5827217AC0ABB00D9409B /* DeepEnd-Info.plist */,
				F5E5827317AC0ABB00D9409B /* DeepEnd-Prefix.pch */,
				F5E5827417AC0ABB00D9409B /* DeepEnd.h */,
				F552EFDB17B057800043E169 /* DeepEnd-Private.h */,
				F5E5827017AC0ABB00D9409B /* Common */,
				F5E5827517AC0ABB00D9409B /* Friends */,
				F5E5827A17AC0ABB00D9409B /* Network */,
				F5E486CB17AF2BAB00A0BF9F /* Core Patches */,
				F5E5828B17AC0BFB00D9409B /* ToxCore */,
				F5E5824817AC095E00D9409B /* Frameworks */,
				F5E5824717AC095E00D9409B /* Products */,
			);
			sourceTree = "<group>";
		};
		F5E5824717AC095E00D9409B /* Products */ = {
			isa = PBXGroup;
			children = (
				F5E5824617AC095E00D9409B /* DeepEnd.framework */,
				F5E5826217AC0A4300D9409B /* libDeepEnd-iOS.a */,
			);
			name = Products;
			sourceTree = "<group>";
		};
		F5E5824817AC095E00D9409B /* Frameworks */ = {
			isa = PBXGroup;
			children = (
				F5DD111417D7FE9500123D8A /* UIKit.framework */,
				F5DD111217D7FE8C00123D8A /* AppKit.framework */,
				F5E5826317AC0A4300D9409B /* Foundation.framework */,
			);
			name = Frameworks;
			sourceTree = "<group>";
		};
		F5E5827017AC0ABB00D9409B /* Common */ = {
			isa = PBXGroup;
			children = (
				F5A3A86617B358690068AFA0 /* DESInfo.m */,
				F5E5827117AC0ABB00D9409B /* DESKeyFunctions.m */,
			);
			path = Common;
			sourceTree = "<group>";
		};
		F5E5827517AC0ABB00D9409B /* Friends */ = {
			isa = PBXGroup;
			children = (
				F5E5827617AC0ABB00D9409B /* DESFriend.h */,
				F5E5827717AC0ABB00D9409B /* DESFriend.m */,
				F5E582B117AC288800D9409B /* DESSelf.h */,
				F5E582B217AC288800D9409B /* DESSelf.m */,
				F5E5827817AC0ABB00D9409B /* DESFriendManager.h */,
				F5E5827917AC0ABB00D9409B /* DESFriendManager.m */,
			);
			path = Friends;
			sourceTree = "<group>";
		};
		F5E5827A17AC0ABB00D9409B /* Network */ = {
			isa = PBXGroup;
			children = (
				F5E5827B17AC0ABB00D9409B /* DESToxNetworkConnection.h */,
				F5E5827C17AC0ABB00D9409B /* DESToxNetworkConnection.m */,
				F5ECC85117CEF0A1000E01D2 /* DESToxNetworkConnection+DHTReadOnly.h */,
				F5ECC85217CEF0A1000E01D2 /* DESToxNetworkConnection+DHTReadOnly.m */,
				F5B9112D17B1B3BF00E29017 /* DESChatContext.h */,
				F5D4201D17B725E900587ABE /* DESOneToOneChatContext.h */,
				F5D4201E17B725E900587ABE /* DESOneToOneChatContext.m */,
				F5D4202317B72E4700587ABE /* DESMessage.h */,
				F5D4202417B72E4700587ABE /* DESMessage.m */,
			);
			path = Network;
			sourceTree = "<group>";
		};
		F5E5828B17AC0BFB00D9409B /* ToxCore */ = {
			isa = PBXGroup;
			children = (
				F5E5828D17AC0BFB00D9409B /* DHT.c */,
				F5E5828E17AC0BFB00D9409B /* DHT.h */,
				F5E5828F17AC0BFB00D9409B /* LAN_discovery.c */,
				F5E5829017AC0BFB00D9409B /* LAN_discovery.h */,
				F5E5829117AC0BFB00D9409B /* Lossless_UDP.c */,
				F5E5829217AC0BFB00D9409B /* Lossless_UDP.h */,
				F5E8975917AD8886008313D5 /* Messenger.c */,
				F57B5E2317B0859E00BE87AC /* Messenger.h */,
				F5E5829517AC0BFB00D9409B /* friend_requests.c */,
				F5E5829617AC0BFB00D9409B /* friend_requests.h */,
				F5E5829717AC0BFB00D9409B /* net_crypto.c */,
				F5E5829817AC0BFB00D9409B /* net_crypto.h */,
				F5E5829917AC0BFB00D9409B /* network.c */,
				F5E5829A17AC0BFB00D9409B /* network.h */,
				F57B5E1717B083E700BE87AC /* ping.c */,
				F57B5E1817B083E700BE87AC /* ping.h */,
				F57B5E1917B083E800BE87AC /* util.c */,
				F57B5E1A17B083E800BE87AC /* util.h */,
				F5CC768817C801E500038BA3 /* tox.c */,
				F5CC768917C801E500038BA3 /* tox.h */,
			);
			name = ToxCore;
			path = "ProjectTox-Core/toxcore";
			sourceTree = "<group>";
		};
/* End PBXGroup section */

/* Begin PBXHeadersBuildPhase section */
		F55813EB17C7BA51000D50CB /* Headers */ = {
			isa = PBXHeadersBuildPhase;
			buildActionMask = 2147483647;
			files = (
				F55813EE17C7BA8C000D50CB /* DeepEnd.h in Headers */,
				F55813EF17C7BA8C000D50CB /* DESFriend.h in Headers */,
				F55813F017C7BA8C000D50CB /* DESSelf.h in Headers */,
				F55813F117C7BA8C000D50CB /* DESFriendManager.h in Headers */,
				F55813F217C7BA8C000D50CB /* DESToxNetworkConnection.h in Headers */,
				F55813F317C7BA8C000D50CB /* DESChatContext.h in Headers */,
				F55813F417C7BA8C000D50CB /* DESMessage.h in Headers */,
				F5ECC85417CEF0A1000E01D2 /* DESToxNetworkConnection+DHTReadOnly.h in Headers */,
				F55813F517C7BA8C000D50CB /* DHT.h in Headers */,
				F55813F617C7BA8C000D50CB /* LAN_discovery.h in Headers */,
				F55813F717C7BA8C000D50CB /* Lossless_UDP.h in Headers */,
				F55813F817C7BA8C000D50CB /* Messenger.h in Headers */,
				F55813F917C7BA8C000D50CB /* friend_requests.h in Headers */,
				F55813FA17C7BA8C000D50CB /* net_crypto.h in Headers */,
				F55813FB17C7BA8C000D50CB /* network.h in Headers */,
				F55813FC17C7BA8C000D50CB /* ping.h in Headers */,
				F55813FD17C7BA8C000D50CB /* util.h in Headers */,
				F5CC768D17C801E500038BA3 /* tox.h in Headers */,
				F55813EC17C7BA5E000D50CB /* DeepEnd-Private.h in Headers */,
				F55813ED17C7BA73000D50CB /* DESOneToOneChatContext.h in Headers */,
			);
			runOnlyForDeploymentPostprocessing = 0;
		};
		F5E5824317AC095E00D9409B /* Headers */ = {
			isa = PBXHeadersBuildPhase;
			buildActionMask = 2147483647;
			files = (
				F5E5828117AC0ABB00D9409B /* DeepEnd.h in Headers */,
				F5E5828217AC0ABB00D9409B /* DESFriend.h in Headers */,
				F5E582B317AC288800D9409B /* DESSelf.h in Headers */,
				F5E5828517AC0ABB00D9409B /* DESFriendManager.h in Headers */,
				F5E5828817AC0ABB00D9409B /* DESToxNetworkConnection.h in Headers */,
				F5B9112F17B1B3BF00E29017 /* DESChatContext.h in Headers */,
				F5D4202517B72E4700587ABE /* DESMessage.h in Headers */,
				F5ECC85317CEF0A1000E01D2 /* DESToxNetworkConnection+DHTReadOnly.h in Headers */,
				F57B5E2417B0859E00BE87AC /* Messenger.h in Headers */,
				F5E5829E17AC0BFB00D9409B /* DHT.h in Headers */,
				F5E582A117AC0BFB00D9409B /* LAN_discovery.h in Headers */,
				F5E582A417AC0BFB00D9409B /* Lossless_UDP.h in Headers */,
				F5E582AA17AC0BFB00D9409B /* friend_requests.h in Headers */,
				F5E582AD17AC0BFB00D9409B /* net_crypto.h in Headers */,
				F5E582B017AC0BFB00D9409B /* network.h in Headers */,
				F57B5E1D17B083E800BE87AC /* ping.h in Headers */,
				F57B5E2017B083E800BE87AC /* util.h in Headers */,
				F5CC768C17C801E500038BA3 /* tox.h in Headers */,
				F552EFDC17B057800043E169 /* DeepEnd-Private.h in Headers */,
				F5D4201F17B725E900587ABE /* DESOneToOneChatContext.h in Headers */,
			);
			runOnlyForDeploymentPostprocessing = 0;
		};
/* End PBXHeadersBuildPhase section */

/* Begin PBXNativeTarget section */
		F5E5824517AC095E00D9409B /* DeepEnd */ = {
			isa = PBXNativeTarget;
			buildConfigurationList = F5E5825B17AC095E00D9409B /* Build configuration list for PBXNativeTarget "DeepEnd" */;
			buildPhases = (
				F5E5824117AC095E00D9409B /* Sources */,
				F5E5824217AC095E00D9409B /* Frameworks */,
				F5E5824317AC095E00D9409B /* Headers */,
				F5E5824417AC095E00D9409B /* Resources */,
			);
			buildRules = (
			);
			dependencies = (
			);
			name = DeepEnd;
			productName = DeepEnd;
			productReference = F5E5824617AC095E00D9409B /* DeepEnd.framework */;
			productType = "com.apple.product-type.framework";
		};
		F5E5826117AC0A4300D9409B /* DeepEnd-iOS */ = {
			isa = PBXNativeTarget;
			buildConfigurationList = F5E5826C17AC0A4300D9409B /* Build configuration list for PBXNativeTarget "DeepEnd-iOS" */;
			buildPhases = (
				F5E5825E17AC0A4300D9409B /* Sources */,
				F5E5825F17AC0A4300D9409B /* Frameworks */,
				F5E5826017AC0A4300D9409B /* CopyFiles */,
				F55813EB17C7BA51000D50CB /* Headers */,
			);
			buildRules = (
			);
			dependencies = (
			);
			name = "DeepEnd-iOS";
			productName = "DeepEnd-iOS";
			productReference = F5E5826217AC0A4300D9409B /* libDeepEnd-iOS.a */;
			productType = "com.apple.product-type.library.static";
		};
/* End PBXNativeTarget section */

/* Begin PBXProject section */
		F5E5823D17AC095E00D9409B /* Project object */ = {
			isa = PBXProject;
			attributes = {
				LastUpgradeCheck = 0500;
				ORGANIZATIONNAME = stal;
			};
			buildConfigurationList = F5E5824017AC095E00D9409B /* Build configuration list for PBXProject "DeepEnd" */;
			compatibilityVersion = "Xcode 3.2";
			developmentRegion = English;
			hasScannedForEncodings = 0;
			knownRegions = (
				en,
			);
			mainGroup = F5E5823C17AC095E00D9409B;
			productRefGroup = F5E5824717AC095E00D9409B /* Products */;
			projectDirPath = "";
			projectRoot = "";
			targets = (
				F5E5824517AC095E00D9409B /* DeepEnd */,
				F5E5826117AC0A4300D9409B /* DeepEnd-iOS */,
			);
		};
/* End PBXProject section */

/* Begin PBXResourcesBuildPhase section */
		F5E5824417AC095E00D9409B /* Resources */ = {
			isa = PBXResourcesBuildPhase;
			buildActionMask = 2147483647;
			files = (
			);
			runOnlyForDeploymentPostprocessing = 0;
		};
/* End PBXResourcesBuildPhase section */

/* Begin PBXSourcesBuildPhase section */
		F5E5824117AC095E00D9409B /* Sources */ = {
			isa = PBXSourcesBuildPhase;
			buildActionMask = 2147483647;
			files = (
				F5E5827D17AC0ABB00D9409B /* DESKeyFunctions.m in Sources */,
				F5E5828317AC0ABB00D9409B /* DESFriend.m in Sources */,
				F5E5828617AC0ABB00D9409B /* DESFriendManager.m in Sources */,
				F5ECC85517CEF0A1000E01D2 /* DESToxNetworkConnection+DHTReadOnly.m in Sources */,
				F5E5828917AC0ABB00D9409B /* DESToxNetworkConnection.m in Sources */,
				F5E5829F17AC0BFB00D9409B /* LAN_discovery.c in Sources */,
				F5E582A217AC0BFB00D9409B /* Lossless_UDP.c in Sources */,
				F5E582A817AC0BFB00D9409B /* friend_requests.c in Sources */,
				F5E582AB17AC0BFB00D9409B /* net_crypto.c in Sources */,
				F5E582AE17AC0BFB00D9409B /* network.c in Sources */,
				F5E582B417AC288800D9409B /* DESSelf.m in Sources */,
				F5E486CD17AF2C1300A0BF9F /* DESMessengerHack.c in Sources */,
				F5E486D017AF2D1A00A0BF9F /* DESDHTHack.c in Sources */,
				F57B5E1B17B083E800BE87AC /* ping.c in Sources */,
				F57B5E1E17B083E800BE87AC /* util.c in Sources */,
				F5A3A86717B358690068AFA0 /* DESInfo.m in Sources */,
				F5D4202017B725E900587ABE /* DESOneToOneChatContext.m in Sources */,
				F5D4202617B72E4700587ABE /* DESMessage.m in Sources */,
				F5CC768A17C801E500038BA3 /* tox.c in Sources */,
			);
			runOnlyForDeploymentPostprocessing = 0;
		};
		F5E5825E17AC0A4300D9409B /* Sources */ = {
			isa = PBXSourcesBuildPhase;
			buildActionMask = 2147483647;
			files = (
				F5E5827E17AC0ABB00D9409B /* DESKeyFunctions.m in Sources */,
				F5E5828417AC0ABB00D9409B /* DESFriend.m in Sources */,
				F5E5828717AC0ABB00D9409B /* DESFriendManager.m in Sources */,
				F5ECC85617CEF0A1000E01D2 /* DESToxNetworkConnection+DHTReadOnly.m in Sources */,
				F5E5828A17AC0ABB00D9409B /* DESToxNetworkConnection.m in Sources */,
				F5E582A017AC0BFB00D9409B /* LAN_discovery.c in Sources */,
				F5E582A317AC0BFB00D9409B /* Lossless_UDP.c in Sources */,
				F5E582A917AC0BFB00D9409B /* friend_requests.c in Sources */,
				F5E582AC17AC0BFB00D9409B /* net_crypto.c in Sources */,
				F5E582AF17AC0BFB00D9409B /* network.c in Sources */,
				F5E582B517AC288800D9409B /* DESSelf.m in Sources */,
				F5E486CE17AF2C1300A0BF9F /* DESMessengerHack.c in Sources */,
				F5E486D117AF2D1A00A0BF9F /* DESDHTHack.c in Sources */,
				F57B5E1C17B083E800BE87AC /* ping.c in Sources */,
				F57B5E1F17B083E800BE87AC /* util.c in Sources */,
				F5A3A86817B358990068AFA0 /* DESInfo.m in Sources */,
				F5D4202117B725E900587ABE /* DESOneToOneChatContext.m in Sources */,
				F5D4202717B72E4700587ABE /* DESMessage.m in Sources */,
				F5CC768B17C801E500038BA3 /* tox.c in Sources */,
			);
			runOnlyForDeploymentPostprocessing = 0;
		};
/* End PBXSourcesBuildPhase section */

/* Begin XCBuildConfiguration section */
		F5E5825917AC095E00D9409B /* Debug */ = {
			isa = XCBuildConfiguration;
			buildSettings = {
				ALWAYS_SEARCH_USER_PATHS = NO;
				ARCHS = "$(ARCHS_STANDARD_64_BIT)";
				CLANG_CXX_LANGUAGE_STANDARD = "gnu++0x";
				CLANG_CXX_LIBRARY = "libc++";
				CLANG_ENABLE_OBJC_ARC = YES;
				CLANG_WARN_CONSTANT_CONVERSION = YES;
				CLANG_WARN_EMPTY_BODY = YES;
				CLANG_WARN_ENUM_CONVERSION = YES;
				CLANG_WARN_INT_CONVERSION = YES;
				CLANG_WARN__DUPLICATE_METHOD_MATCH = YES;
				COPY_PHASE_STRIP = NO;
				GCC_C_LANGUAGE_STANDARD = gnu99;
				GCC_DYNAMIC_NO_PIC = NO;
				GCC_ENABLE_OBJC_EXCEPTIONS = YES;
				GCC_OPTIMIZATION_LEVEL = 0;
				GCC_PREFIX_HEADER = "DeepEnd-Prefix.pch";
				GCC_SYMBOLS_PRIVATE_EXTERN = NO;
				GCC_WARN_64_TO_32_BIT_CONVERSION = YES;
				GCC_WARN_ABOUT_RETURN_TYPE = YES;
				GCC_WARN_UNINITIALIZED_AUTOS = YES;
				GCC_WARN_UNUSED_VARIABLE = YES;
				HEADER_SEARCH_PATHS = /usr/local/include;
				LIBRARY_SEARCH_PATHS = /usr/local/lib;
				MACOSX_DEPLOYMENT_TARGET = 10.6;
				ONLY_ACTIVE_ARCH = YES;
				OTHER_CFLAGS = (
					"-Werror",
					"-Wall",
					"-DDES_DEBUG",
				);
				OTHER_LDFLAGS = /usr/local/lib/libsodium.a;
				SDKROOT = macosx;
				USER_HEADER_SEARCH_PATHS = "\"$(SRCROOT)/ProjectTox-Core/toxcore\"/**";
			};
			name = Debug;
		};
		F5E5825A17AC095E00D9409B /* Release */ = {
			isa = XCBuildConfiguration;
			buildSettings = {
				ALWAYS_SEARCH_USER_PATHS = NO;
				ARCHS = "$(ARCHS_STANDARD_64_BIT)";
				CLANG_CXX_LANGUAGE_STANDARD = "gnu++0x";
				CLANG_CXX_LIBRARY = "libc++";
				CLANG_ENABLE_OBJC_ARC = YES;
				CLANG_WARN_CONSTANT_CONVERSION = YES;
				CLANG_WARN_EMPTY_BODY = YES;
				CLANG_WARN_ENUM_CONVERSION = YES;
				CLANG_WARN_INT_CONVERSION = YES;
				CLANG_WARN__DUPLICATE_METHOD_MATCH = YES;
				COPY_PHASE_STRIP = YES;
				DEBUG_INFORMATION_FORMAT = "dwarf-with-dsym";
				GCC_C_LANGUAGE_STANDARD = gnu99;
				GCC_ENABLE_OBJC_EXCEPTIONS = YES;
				GCC_PREFIX_HEADER = "DeepEnd-Prefix.pch";
				GCC_WARN_64_TO_32_BIT_CONVERSION = YES;
				GCC_WARN_ABOUT_RETURN_TYPE = YES;
				GCC_WARN_UNINITIALIZED_AUTOS = YES;
				GCC_WARN_UNUSED_VARIABLE = YES;
				HEADER_SEARCH_PATHS = /usr/local/include;
				LIBRARY_SEARCH_PATHS = /usr/local/lib;
				MACOSX_DEPLOYMENT_TARGET = 10.6;
				OTHER_CFLAGS = (
					"-Werror",
					"-Wall",
				);
				OTHER_LDFLAGS = /usr/local/lib/libsodium.a;
				SDKROOT = macosx;
				USER_HEADER_SEARCH_PATHS = "\"$(SRCROOT)/ProjectTox-Core/toxcore\"/**";
			};
			name = Release;
		};
		F5E5825C17AC095E00D9409B /* Debug */ = {
			isa = XCBuildConfiguration;
			buildSettings = {
				COMBINE_HIDPI_IMAGES = YES;
				DYLIB_COMPATIBILITY_VERSION = 1;
				DYLIB_CURRENT_VERSION = 1;
				FRAMEWORK_VERSION = A;
				GCC_PRECOMPILE_PREFIX_HEADER = YES;
				HEADER_SEARCH_PATHS = /usr/local/include;
				INFOPLIST_FILE = "DeepEnd-Info.plist";
				INSTALL_PATH = "@rpath";
				MACOSX_DEPLOYMENT_TARGET = 10.6;
				PRODUCT_NAME = "$(TARGET_NAME)";
				USER_HEADER_SEARCH_PATHS = "\"$(SRCROOT)/ProjectTox-Core/toxcore\"";
				WRAPPER_EXTENSION = framework;
			};
			name = Debug;
		};
		F5E5825D17AC095E00D9409B /* Release */ = {
			isa = XCBuildConfiguration;
			buildSettings = {
				COMBINE_HIDPI_IMAGES = YES;
				DYLIB_COMPATIBILITY_VERSION = 1;
				DYLIB_CURRENT_VERSION = 1;
				FRAMEWORK_VERSION = A;
				GCC_PRECOMPILE_PREFIX_HEADER = YES;
				HEADER_SEARCH_PATHS = /usr/local/include;
				INFOPLIST_FILE = "DeepEnd-Info.plist";
				INSTALL_PATH = "@rpath";
				MACOSX_DEPLOYMENT_TARGET = 10.6;
				PRODUCT_NAME = "$(TARGET_NAME)";
				USER_HEADER_SEARCH_PATHS = "\"$(SRCROOT)/ProjectTox-Core/toxcore\"";
				WRAPPER_EXTENSION = framework;
			};
			name = Release;
		};
		F5E5826D17AC0A4300D9409B /* Debug */ = {
			isa = XCBuildConfiguration;
			buildSettings = {
				ARCHS = (
					armv7s,
					armv7,
				);
				DSTROOT = /tmp/DeepEnd_iOS.dst;
				GCC_PRECOMPILE_PREFIX_HEADER = YES;
				HEADER_SEARCH_PATHS = /usr/local/include;
				IPHONEOS_DEPLOYMENT_TARGET = 4.3;
				ONLY_ACTIVE_ARCH = NO;
				OTHER_LDFLAGS = "-ObjC";
				PRODUCT_NAME = "$(TARGET_NAME)";
				SDKROOT = iphoneos;
				SKIP_INSTALL = YES;
				USER_HEADER_SEARCH_PATHS = "\"$(SRCROOT)/ProjectTox-Core/toxcore\"";
			};
			name = Debug;
		};
		F5E5826E17AC0A4300D9409B /* Release */ = {
			isa = XCBuildConfiguration;
			buildSettings = {
				ARCHS = (
					armv7s,
					armv7,
				);
				DSTROOT = /tmp/DeepEnd_iOS.dst;
				GCC_PRECOMPILE_PREFIX_HEADER = YES;
				HEADER_SEARCH_PATHS = /usr/local/include;
				IPHONEOS_DEPLOYMENT_TARGET = 4.3;
				OTHER_LDFLAGS = "-ObjC";
				PRODUCT_NAME = "$(TARGET_NAME)";
				SDKROOT = iphoneos;
				SKIP_INSTALL = YES;
				USER_HEADER_SEARCH_PATHS = "\"$(SRCROOT)/ProjectTox-Core/toxcore\"";
				VALIDATE_PRODUCT = YES;
			};
			name = Release;
		};
/* End XCBuildConfiguration section */

/* Begin XCConfigurationList section */
		F5E5824017AC095E00D9409B /* Build configuration list for PBXProject "DeepEnd" */ = {
			isa = XCConfigurationList;
			buildConfigurations = (
				F5E5825917AC095E00D9409B /* Debug */,
				F5E5825A17AC095E00D9409B /* Release */,
			);
			defaultConfigurationIsVisible = 0;
			defaultConfigurationName = Release;
		};
		F5E5825B17AC095E00D9409B /* Build configuration list for PBXNativeTarget "DeepEnd" */ = {
			isa = XCConfigurationList;
			buildConfigurations = (
				F5E5825C17AC095E00D9409B /* Debug */,
				F5E5825D17AC095E00D9409B /* Release */,
			);
			defaultConfigurationIsVisible = 0;
			defaultConfigurationName = Release;
		};
		F5E5826C17AC0A4300D9409B /* Build configuration list for PBXNativeTarget "DeepEnd-iOS" */ = {
			isa = XCConfigurationList;
			buildConfigurations = (
				F5E5826D17AC0A4300D9409B /* Debug */,
				F5E5826E17AC0A4300D9409B /* Release */,
			);
			defaultConfigurationIsVisible = 0;
			defaultConfigurationName = Release;
		};
/* End XCConfigurationList section */
	};
	rootObject = F5E5823D17AC095E00D9409B /* Project object */;
}
